
Microsoft Visual Studio Solution File, Format Version 12.00
# Visual Studio 2013
VisualStudioVersion = 12.0.31101.0
MinimumVisualStudioVersion = 10.0.40219.1
Project("{2150E333-8FDC-42A3-9474-1A3956D46DE8}") = "Library Projects", "Library Projects", "{957DBF1B-B7E0-4FB5-9632-3FCFF2A03BD7}"
	ProjectSection(FolderStartupServices) = postProject
		{B4F97281-0DBD-4835-9ED8-7DFB966E87FF} = {B4F97281-0DBD-4835-9ED8-7DFB966E87FF}
	EndProjectSection
EndProject
Project("{2150E333-8FDC-42A3-9474-1A3956D46DE8}") = "Third-Party Components", "Third-Party Components", "{628ECA04-BA7D-4B8B-AD52-0BC765FC6877}"
	ProjectSection(FolderStartupServices) = postProject
		{B4F97281-0DBD-4835-9ED8-7DFB966E87FF} = {B4F97281-0DBD-4835-9ED8-7DFB966E87FF}
	EndProjectSection
EndProject
Project("{2150E333-8FDC-42A3-9474-1A3956D46DE8}") = "Installers", "Installers", "{44470285-D1AE-401E-8927-7538213F614E}"
	ProjectSection(FolderStartupServices) = postProject
		{B4F97281-0DBD-4835-9ED8-7DFB966E87FF} = {B4F97281-0DBD-4835-9ED8-7DFB966E87FF}
	EndProjectSection
EndProject
Project("{2150E333-8FDC-42A3-9474-1A3956D46DE8}") = "Code Generators", "Code Generators", "{F25D4B71-F169-4389-BE94-0310A9246A50}"
EndProject
Project("{2150E333-8FDC-42A3-9474-1A3956D46DE8}") = "QueryAnything - GPL Projects", "QueryAnything - GPL Projects", "{77323790-89A2-449D-81AF-C44D9CB1BE08}"
EndProject
Project("{2150E333-8FDC-42A3-9474-1A3956D46DE8}") = "Quick Samples", "Quick Samples", "{9A33D882-16B1-4939-8BB5-B801A5A5CCFB}"
EndProject
Project("{2150E333-8FDC-42A3-9474-1A3956D46DE8}") = "Unit Testing", "Unit Testing", "{BACF426C-788A-4143-BFA0-A28AF2148B2F}"
EndProject
Project("{2150E333-8FDC-42A3-9474-1A3956D46DE8}") = "DLLs", "DLLs", "{7A3AFC91-7BE8-41EC-A934-49CD578F059C}"
	ProjectSection(SolutionItems) = preProject
		__ Binaries\System.Data.SQLite.dll = __ Binaries\System.Data.SQLite.dll
		__ Binaries\System.Data.SQLite.lib = __ Binaries\System.Data.SQLite.lib
		__ Binaries\System.Data.SQLite.Linq.dll = __ Binaries\System.Data.SQLite.Linq.dll
		__ Binaries\System.Data.SQLite.XML = __ Binaries\System.Data.SQLite.XML
	EndProjectSection
EndProject
Project("{2150E333-8FDC-42A3-9474-1A3956D46DE8}") = "__ References", "__ References", "{946D2FE5-40FE-4967-B38C-A89FADAC8B7B}"
	ProjectSection(SolutionItems) = preProject
		ChangeLog.txt = ChangeLog.txt
		crudwork.chm = crudwork.chm
		ilmergeDLL.bat = ilmergeDLL.bat
		Uninstall.bat = Uninstall.bat
	EndProjectSection
EndProject
Project("{2150E333-8FDC-42A3-9474-1A3956D46DE8}") = "Proof of Concepts", "Proof of Concepts", "{18ED898C-FF71-469B-833C-756993559ADE}"
EndProject
Project("{2150E333-8FDC-42A3-9474-1A3956D46DE8}") = "Developer's Tools", "Developer's Tools", "{0912E443-D7CC-4ADE-8847-FE55A308714A}"
EndProject
Project("{F184B08F-C81C-45F6-A57F-5ABD9991F28F}") = "crudwork.ProperCasingVB", "ProperCasingVB\crudwork.ProperCasingVB.vbproj", "{97FB9F97-FFBB-459D-8586-6DE5BA543CDC}"
EndProject
Project("{FAE04EC0-301F-11D3-BF4B-00C04F79EFBC}") = "crudwork.Controls", "Controls\crudwork.Controls.csproj", "{7CC8F9ED-C5C0-4708-A5FB-A29C64D9DAA8}"
EndProject
Project("{FAE04EC0-301F-11D3-BF4B-00C04F79EFBC}") = "OpenSchemaGenerator", "__ Code Generators\OpenSchemaGenerator\OpenSchemaGenerator.csproj", "{C95C8028-ADFA-4D3E-A665-820178047523}"
EndProject
Project("{FAE04EC0-301F-11D3-BF4B-00C04F79EFBC}") = "crudwork.DataSetTools", "DataSetTools\crudwork.DataSetTools.csproj", "{E1BED35C-916C-4670-9699-933CFE9FE910}"
EndProject
Project("{FAE04EC0-301F-11D3-BF4B-00C04F79EFBC}") = "CreateDataSetUsingQueryAnything", "__ Quick Samples\CreateDataSetUsingQueryAnything\CreateDataSetUsingQueryAnything.csproj", "{B7C5E033-C0D0-4CE6-B09F-4F5B6333C53D}"
EndProject
Project("{FAE04EC0-301F-11D3-BF4B-00C04F79EFBC}") = "DatabaseSample", "__ Quick Samples\DatabaseSample\DatabaseSample.csproj", "{E801644C-5168-45CB-9E91-0EB7F140C926}"
EndProject
Project("{FAE04EC0-301F-11D3-BF4B-00C04F79EFBC}") = "DataSetSample", "__ Quick Samples\DataSetSample\DataSetSample.csproj", "{AF9173A7-7F87-4279-A667-E655F617BC5A}"
EndProject
Project("{FAE04EC0-301F-11D3-BF4B-00C04F79EFBC}") = "MultiThreadingSample", "__ Quick Samples\MultiThreadingSample\MultiThreadingSample.csproj", "{B2408883-12D0-4539-B66E-9CCCED7F9CF3}"
EndProject
Project("{FAE04EC0-301F-11D3-BF4B-00C04F79EFBC}") = "BackgroundTaskSample", "__ Quick Samples\BackgroundTaskSample\BackgroundTaskSample.csproj", "{2537E238-8C02-4AEA-81CC-EA9E7209DD0A}"
EndProject
Project("{FAE04EC0-301F-11D3-BF4B-00C04F79EFBC}") = "ConcurrencyDataReader", "__ Quick Samples\ConcurrencyDataReader\ConcurrencyDataReader.csproj", "{1B2251E6-8E4B-4468-B733-3F07213488ED}"
EndProject
Project("{FAE04EC0-301F-11D3-BF4B-00C04F79EFBC}") = "crudwork.DynamicRuntime", "DynamicRuntime\crudwork.DynamicRuntime.csproj", "{98676B67-8DED-4CFE-8A8E-1AACE26FF778}"
EndProject
Project("{FAE04EC0-301F-11D3-BF4B-00C04F79EFBC}") = "crudwork.Models", "Models\crudwork.Models.csproj", "{148E9F16-6199-42C1-864C-ADBF92E4F789}"
EndProject
Project("{FAE04EC0-301F-11D3-BF4B-00C04F79EFBC}") = "UpdateAssemblyInfo", "__ Code Generators\UpdateAssemblyInfo\UpdateAssemblyInfo.csproj", "{1F77AA39-A5D4-467B-975A-FBB94F537B78}"
EndProject
Project("{FAE04EC0-301F-11D3-BF4B-00C04F79EFBC}") = "SQLiteQueryAnalyzer", "__ Quick Samples\SQLiteAdmin\SQLiteQueryAnalyzer.csproj", "{7DCDA329-9AC7-4777-846B-57DB94F72502}"
EndProject
Project("{FAE04EC0-301F-11D3-BF4B-00C04F79EFBC}") = "crudwork.Concurrency", "Concurrency\crudwork.Concurrency.csproj", "{DA2AE2ED-794C-47A0-BC6B-4B39AA8468E9}"
EndProject
Project("{FAE04EC0-301F-11D3-BF4B-00C04F79EFBC}") = "crudwork.DataAccess", "DataAccess\crudwork.DataAccess.csproj", "{903A58EA-84CA-4852-9BF8-0483CEB0244B}"
EndProject
Project("{FAE04EC0-301F-11D3-BF4B-00C04F79EFBC}") = "crudwork.DataWarehouse", "DataWarehouse\crudwork.DataWarehouse.csproj", "{B880468D-BA44-425E-89DB-DBA3E0932B68}"
EndProject
Project("{FAE04EC0-301F-11D3-BF4B-00C04F79EFBC}") = "crudwork.Executables", "Executables\crudwork.Executables.csproj", "{6308F40C-F201-477F-B504-C41913731E3E}"
EndProject
Project("{FAE04EC0-301F-11D3-BF4B-00C04F79EFBC}") = "crudwork.FileImporters", "FileImporters\crudwork.FileImporters.csproj", "{134BD6EE-3B5E-447F-A114-ACE732EACDD8}"
EndProject
Project("{FAE04EC0-301F-11D3-BF4B-00C04F79EFBC}") = "crudwork.MultiThreading", "MultiThreading\crudwork.MultiThreading.csproj", "{57C13A9E-12FC-4CAE-8B0F-E1A848163538}"
EndProject
Project("{FAE04EC0-301F-11D3-BF4B-00C04F79EFBC}") = "crudwork.Network", "Network\crudwork.Network.csproj", "{D2777FBF-52CD-4E9A-9153-28465BE382A5}"
EndProject
Project("{FAE04EC0-301F-11D3-BF4B-00C04F79EFBC}") = "crudwork.Parsers", "Parsers\crudwork.Parsers.csproj", "{B268D6C8-7375-4A18-8E8E-83C52F61BCC0}"
EndProject
Project("{FAE04EC0-301F-11D3-BF4B-00C04F79EFBC}") = "crudwork.Utilities", "Utilities\crudwork.Utilities.csproj", "{C944C222-B65E-4D96-9BFF-043C88CE7984}"
EndProject
Project("{FAE04EC0-301F-11D3-BF4B-00C04F79EFBC}") = "crudwork.UnitTests", "__ Unit Testers\StpLibrary.UnitTests\crudwork.UnitTests.csproj", "{D6DCFCCB-2EC5-4AE0-90DF-AAB36389D485}"
EndProject
Project("{FAE04EC0-301F-11D3-BF4B-00C04F79EFBC}") = "SpPerfChart", "__ Third-Party Projects\SpPerfChart\SpPerfChart.csproj", "{F2FF6C46-A791-4CAE-AB46-BD1A37F3FCD7}"
EndProject
Project("{FAE04EC0-301F-11D3-BF4B-00C04F79EFBC}") = "DelimiterFileImporter", "__ Quick Samples\DelimiterFileImporter\DelimiterFileImporter.csproj", "{4CA60F2F-5636-4A43-8B42-C6A4845D6550}"
EndProject
Project("{FAE04EC0-301F-11D3-BF4B-00C04F79EFBC}") = "crudwork", "crudwork\crudwork.csproj", "{FEEC485E-3BE9-4DA5-88E5-2F669DAAA3C5}"
EndProject
Project("{FAE04EC0-301F-11D3-BF4B-00C04F79EFBC}") = "crudwork.Silverlight", "crudwork.Silverlight\crudwork.Silverlight.csproj", "{FD1A66ED-D082-4650-98B3-C910F36ECEDC}"
EndProject
Project("{54435603-DBB4-11D2-8724-00A0C9A8B90C}") = "crudwork22", "__ Installers\crudwork22\crudwork22.vdproj", "{7ABEFE26-4B4C-43A5-B891-862244593E76}"
EndProject
Project("{FAE04EC0-301F-11D3-BF4B-00C04F79EFBC}") = "PivotTableTest", "__ Unit Testers\PivotTableTest\PivotTableTest.csproj", "{3CE2FD9A-7E98-4BDB-B862-37227C27ADF4}"
EndProject
Project("{FAE04EC0-301F-11D3-BF4B-00C04F79EFBC}") = "ControlTestBed", "ControlTestBed\ControlTestBed.csproj", "{450B4932-47BF-4351-A821-7A851A616494}"
EndProject
Project("{FAE04EC0-301F-11D3-BF4B-00C04F79EFBC}") = "whereis", "__ Developer Tools\whereis\whereis.csproj", "{76E5FA67-9368-41FC-856B-47A353EF3993}"
EndProject
Project("{FAE04EC0-301F-11D3-BF4B-00C04F79EFBC}") = "QueryAnalyzerPlusPlus", "__ Quick Samples\QueryAnalyzerPlusPlus\QueryAnalyzerPlusPlus.csproj", "{47646A1C-57BD-4EAC-B510-D072094ABB2F}"
EndProject
Project("{FAE04EC0-301F-11D3-BF4B-00C04F79EFBC}") = "BackgroundTaskSample", "__ Unit Testers\BackgroundTaskSample\BackgroundTaskSample.csproj", "{C9FBA99C-3A0F-4EF2-8A0E-14608F6A3C48}"
EndProject
Global
	GlobalSection(TeamFoundationVersionControl) = preSolution
		SccNumberOfProjects = 35
		SccEnterpriseProvider = {4CA58AB2-18FA-4F8D-95D4-32DDF27D184C}
		SccTeamFoundationServer = https://tfs.codeplex.com/tfs/tfs02
		SccLocalPath0 = .
		SccProjectUniqueName1 = __\u0020Code\u0020Generators\\UpdateAssemblyInfo\\UpdateAssemblyInfo.csproj
		SccProjectTopLevelParentUniqueName1 = crudwork.sln
		SccProjectName1 = __\u0020Code\u0020Generators/UpdateAssemblyInfo
		SccLocalPath1 = __\u0020Code\u0020Generators\\UpdateAssemblyInfo
		SccProjectUniqueName2 = __\u0020Third-Party\u0020Projects\\SpPerfChart\\SpPerfChart.csproj
		SccProjectTopLevelParentUniqueName2 = crudwork.sln
		SccProjectName2 = __\u0020Third-Party\u0020Projects/SpPerfChart
		SccLocalPath2 = __\u0020Third-Party\u0020Projects\\SpPerfChart
		SccProjectUniqueName3 = __\u0020Unit\u0020Testers\\StpLibrary.UnitTests\\crudwork.UnitTests.csproj
		SccProjectTopLevelParentUniqueName3 = crudwork.sln
		SccProjectName3 = __\u0020Unit\u0020Testers/StpLibrary.UnitTests
		SccLocalPath3 = __\u0020Unit\u0020Testers\\StpLibrary.UnitTests
		SccProjectUniqueName4 = __\u0020Code\u0020Generators\\OpenSchemaGenerator\\OpenSchemaGenerator.csproj
		SccProjectTopLevelParentUniqueName4 = crudwork.sln
		SccProjectName4 = __\u0020Code\u0020Generators/OpenSchemaGenerator
		SccLocalPath4 = __\u0020Code\u0020Generators\\OpenSchemaGenerator
		SccProjectUniqueName5 = Concurrency\\crudwork.Concurrency.csproj
		SccProjectTopLevelParentUniqueName5 = crudwork.sln
		SccProjectName5 = Concurrency
		SccLocalPath5 = Concurrency
		SccProjectUniqueName6 = Controls\\crudwork.Controls.csproj
		SccProjectTopLevelParentUniqueName6 = crudwork.sln
		SccProjectName6 = Controls
		SccLocalPath6 = Controls
		SccProjectUniqueName7 = DataAccess\\crudwork.DataAccess.csproj
		SccProjectTopLevelParentUniqueName7 = crudwork.sln
		SccProjectName7 = DataAccess
		SccLocalPath7 = DataAccess
		SccProjectUniqueName8 = DataWarehouse\\crudwork.DataWarehouse.csproj
		SccProjectTopLevelParentUniqueName8 = crudwork.sln
		SccProjectName8 = DataWarehouse
		SccLocalPath8 = DataWarehouse
		SccProjectUniqueName9 = DynamicRuntime\\crudwork.DynamicRuntime.csproj
		SccProjectTopLevelParentUniqueName9 = crudwork.sln
		SccProjectName9 = DynamicRuntime
		SccLocalPath9 = DynamicRuntime
		SccProjectUniqueName10 = Executables\\crudwork.Executables.csproj
		SccProjectTopLevelParentUniqueName10 = crudwork.sln
		SccProjectName10 = Executables
		SccLocalPath10 = Executables
		SccProjectUniqueName11 = FileImporters\\crudwork.FileImporters.csproj
		SccProjectTopLevelParentUniqueName11 = crudwork.sln
		SccProjectName11 = FileImporters
		SccLocalPath11 = FileImporters
		SccProjectUniqueName12 = Models\\crudwork.Models.csproj
		SccProjectTopLevelParentUniqueName12 = crudwork.sln
		SccProjectName12 = Models
		SccLocalPath12 = Models
		SccProjectUniqueName13 = MultiThreading\\crudwork.MultiThreading.csproj
		SccProjectTopLevelParentUniqueName13 = crudwork.sln
		SccProjectName13 = MultiThreading
		SccLocalPath13 = MultiThreading
		SccProjectUniqueName14 = Network\\crudwork.Network.csproj
		SccProjectTopLevelParentUniqueName14 = crudwork.sln
		SccProjectName14 = Network
		SccLocalPath14 = Network
		SccProjectUniqueName15 = Parsers\\crudwork.Parsers.csproj
		SccProjectTopLevelParentUniqueName15 = crudwork.sln
		SccProjectName15 = Parsers
		SccLocalPath15 = Parsers
		SccProjectUniqueName16 = Utilities\\crudwork.Utilities.csproj
		SccProjectTopLevelParentUniqueName16 = crudwork.sln
		SccProjectName16 = Utilities
		SccLocalPath16 = Utilities
		SccProjectUniqueName17 = DataSetTools\\crudwork.DataSetTools.csproj
		SccProjectTopLevelParentUniqueName17 = crudwork.sln
		SccProjectName17 = DataSetTools
		SccLocalPath17 = DataSetTools
		SccProjectUniqueName18 = ProperCasingVB\\crudwork.ProperCasingVB.vbproj
		SccProjectTopLevelParentUniqueName18 = crudwork.sln
		SccProjectName18 = ProperCasingVB
		SccLocalPath18 = ProperCasingVB
		SccProjectUniqueName19 = crudwork.Silverlight\\crudwork.Silverlight.csproj
		SccProjectTopLevelParentUniqueName19 = crudwork.sln
		SccProjectName19 = crudwork.Silverlight
		SccLocalPath19 = crudwork.Silverlight
		SccProjectUniqueName20 = crudwork\\crudwork.csproj
		SccProjectTopLevelParentUniqueName20 = crudwork.sln
		SccProjectName20 = crudwork
		SccLocalPath20 = crudwork
		SccProjectUniqueName21 = __\u0020Quick\u0020Samples\\CreateDataSetUsingQueryAnything\\CreateDataSetUsingQueryAnything.csproj
		SccProjectTopLevelParentUniqueName21 = crudwork.sln
		SccProjectName21 = __\u0020Quick\u0020Samples/CreateDataSetUsingQueryAnything
		SccLocalPath21 = __\u0020Quick\u0020Samples\\CreateDataSetUsingQueryAnything
		SccProjectUniqueName22 = __\u0020Quick\u0020Samples\\DatabaseSample\\DatabaseSample.csproj
		SccProjectTopLevelParentUniqueName22 = crudwork.sln
		SccProjectName22 = __\u0020Quick\u0020Samples/DatabaseSample
		SccLocalPath22 = __\u0020Quick\u0020Samples\\DatabaseSample
		SccProjectUniqueName23 = __\u0020Quick\u0020Samples\\DataSetSample\\DataSetSample.csproj
		SccProjectTopLevelParentUniqueName23 = crudwork.sln
		SccProjectName23 = __\u0020Quick\u0020Samples/DataSetSample
		SccLocalPath23 = __\u0020Quick\u0020Samples\\DataSetSample
		SccProjectUniqueName24 = __\u0020Quick\u0020Samples\\MultiThreadingSample\\MultiThreadingSample.csproj
		SccProjectTopLevelParentUniqueName24 = crudwork.sln
		SccProjectName24 = __\u0020Quick\u0020Samples/MultiThreadingSample
		SccLocalPath24 = __\u0020Quick\u0020Samples\\MultiThreadingSample
		SccProjectUniqueName25 = __\u0020Quick\u0020Samples\\BackgroundTaskSample\\BackgroundTaskSample.csproj
		SccProjectTopLevelParentUniqueName25 = crudwork.sln
		SccProjectName25 = __\u0020Quick\u0020Samples/BackgroundTaskSample
		SccLocalPath25 = __\u0020Quick\u0020Samples\\BackgroundTaskSample
		SccProjectUniqueName26 = __\u0020Quick\u0020Samples\\ConcurrencyDataReader\\ConcurrencyDataReader.csproj
		SccProjectTopLevelParentUniqueName26 = crudwork.sln
		SccProjectName26 = __\u0020Quick\u0020Samples/ConcurrencyDataReader
		SccLocalPath26 = __\u0020Quick\u0020Samples\\ConcurrencyDataReader
		SccProjectUniqueName27 = __\u0020Quick\u0020Samples\\SQLiteAdmin\\SQLiteQueryAnalyzer.csproj
		SccProjectTopLevelParentUniqueName27 = crudwork.sln
		SccProjectName27 = __\u0020Quick\u0020Samples/SQLiteAdmin
		SccLocalPath27 = __\u0020Quick\u0020Samples\\SQLiteAdmin
		SccProjectUniqueName28 = __\u0020Quick\u0020Samples\\DelimiterFileImporter\\DelimiterFileImporter.csproj
		SccProjectTopLevelParentUniqueName28 = crudwork.sln
		SccProjectName28 = __\u0020Quick\u0020Samples/DelimiterFileImporter
		SccLocalPath28 = __\u0020Quick\u0020Samples\\DelimiterFileImporter
		SccProjectUniqueName29 = __\u0020Installers\\crudwork22\\crudwork22.vdproj
		SccProjectTopLevelParentUniqueName29 = crudwork.sln
		SccProjectName29 = __\u0020Installers/crudwork22
		SccLocalPath29 = __\u0020Installers\\crudwork22
		SccProjectUniqueName30 = __\u0020Unit\u0020Testers\\PivotTableTest\\PivotTableTest.csproj
		SccProjectTopLevelParentUniqueName30 = crudwork.sln
		SccProjectName30 = __\u0020Unit\u0020Testers/PivotTableTest
		SccLocalPath30 = __\u0020Unit\u0020Testers\\PivotTableTest
		SccProjectUniqueName31 = ControlTestBed\\ControlTestBed.csproj
		SccProjectTopLevelParentUniqueName31 = crudwork.sln
		SccProjectName31 = ControlTestBed
		SccLocalPath31 = ControlTestBed
		SccProjectUniqueName32 = __\u0020Developer\u0020Tools\\whereis\\whereis.csproj
		SccProjectTopLevelParentUniqueName32 = crudwork.sln
		SccProjectName32 = __\u0020Developer\u0020Tools/whereis
		SccLocalPath32 = __\u0020Developer\u0020Tools\\whereis
		SccProjectUniqueName33 = __\u0020Quick\u0020Samples\\QueryAnalyzerPlusPlus\\QueryAnalyzerPlusPlus.csproj
		SccProjectTopLevelParentUniqueName33 = crudwork.sln
		SccProjectName33 = __\u0020Quick\u0020Samples/QueryAnalyzerPlusPlus
		SccLocalPath33 = __\u0020Quick\u0020Samples\\QueryAnalyzerPlusPlus
		SccProjectUniqueName34 = __\u0020Unit\u0020Testers\\BackgroundTaskSample\\BackgroundTaskSample.csproj
		SccProjectTopLevelParentUniqueName34 = crudwork.sln
		SccProjectName34 = __\u0020Unit\u0020Testers/BackgroundTaskSample
		SccLocalPath34 = __\u0020Unit\u0020Testers\\BackgroundTaskSample
	EndGlobalSection
	GlobalSection(SolutionConfigurationPlatforms) = preSolution
		Debug|Any CPU = Debug|Any CPU
		Debug|Mixed Platforms = Debug|Mixed Platforms
		Debug|x86 = Debug|x86
		Release|Any CPU = Release|Any CPU
		Release|Mixed Platforms = Release|Mixed Platforms
		Release|x86 = Release|x86
	EndGlobalSection
	GlobalSection(ProjectConfigurationPlatforms) = postSolution
		{97FB9F97-FFBB-459D-8586-6DE5BA543CDC}.Debug|Any CPU.ActiveCfg = Debug|Any CPU
		{97FB9F97-FFBB-459D-8586-6DE5BA543CDC}.Debug|Any CPU.Build.0 = Debug|Any CPU
		{97FB9F97-FFBB-459D-8586-6DE5BA543CDC}.Debug|Mixed Platforms.ActiveCfg = Debug|Any CPU
		{97FB9F97-FFBB-459D-8586-6DE5BA543CDC}.Debug|Mixed Platforms.Build.0 = Debug|Any CPU
		{97FB9F97-FFBB-459D-8586-6DE5BA543CDC}.Debug|x86.ActiveCfg = Debug|Any CPU
		{97FB9F97-FFBB-459D-8586-6DE5BA543CDC}.Release|Any CPU.ActiveCfg = Release|Any CPU
		{97FB9F97-FFBB-459D-8586-6DE5BA543CDC}.Release|Any CPU.Build.0 = Release|Any CPU
		{97FB9F97-FFBB-459D-8586-6DE5BA543CDC}.Release|Mixed Platforms.ActiveCfg = Release|Any CPU
		{97FB9F97-FFBB-459D-8586-6DE5BA543CDC}.Release|Mixed Platforms.Build.0 = Release|Any CPU
		{97FB9F97-FFBB-459D-8586-6DE5BA543CDC}.Release|x86.ActiveCfg = Release|Any CPU
		{7CC8F9ED-C5C0-4708-A5FB-A29C64D9DAA8}.Debug|Any CPU.ActiveCfg = Debug|Any CPU
		{7CC8F9ED-C5C0-4708-A5FB-A29C64D9DAA8}.Debug|Any CPU.Build.0 = Debug|Any CPU
		{7CC8F9ED-C5C0-4708-A5FB-A29C64D9DAA8}.Debug|Mixed Platforms.ActiveCfg = Debug|Any CPU
		{7CC8F9ED-C5C0-4708-A5FB-A29C64D9DAA8}.Debug|Mixed Platforms.Build.0 = Debug|Any CPU
		{7CC8F9ED-C5C0-4708-A5FB-A29C64D9DAA8}.Debug|x86.ActiveCfg = Debug|Any CPU
		{7CC8F9ED-C5C0-4708-A5FB-A29C64D9DAA8}.Release|Any CPU.ActiveCfg = Release|Any CPU
		{7CC8F9ED-C5C0-4708-A5FB-A29C64D9DAA8}.Release|Any CPU.Build.0 = Release|Any CPU
		{7CC8F9ED-C5C0-4708-A5FB-A29C64D9DAA8}.Release|Mixed Platforms.ActiveCfg = Release|Any CPU
		{7CC8F9ED-C5C0-4708-A5FB-A29C64D9DAA8}.Release|Mixed Platforms.Build.0 = Release|Any CPU
		{7CC8F9ED-C5C0-4708-A5FB-A29C64D9DAA8}.Release|x86.ActiveCfg = Release|Any CPU
		{C95C8028-ADFA-4D3E-A665-820178047523}.Debug|Any CPU.ActiveCfg = Debug|Any CPU
		{C95C8028-ADFA-4D3E-A665-820178047523}.Debug|Any CPU.Build.0 = Debug|Any CPU
		{C95C8028-ADFA-4D3E-A665-820178047523}.Debug|Mixed Platforms.ActiveCfg = Debug|Any CPU
		{C95C8028-ADFA-4D3E-A665-820178047523}.Debug|Mixed Platforms.Build.0 = Debug|Any CPU
		{C95C8028-ADFA-4D3E-A665-820178047523}.Debug|x86.ActiveCfg = Debug|Any CPU
		{C95C8028-ADFA-4D3E-A665-820178047523}.Release|Any CPU.ActiveCfg = Release|Any CPU
		{C95C8028-ADFA-4D3E-A665-820178047523}.Release|Any CPU.Build.0 = Release|Any CPU
		{C95C8028-ADFA-4D3E-A665-820178047523}.Release|Mixed Platforms.ActiveCfg = Release|Any CPU
		{C95C8028-ADFA-4D3E-A665-820178047523}.Release|Mixed Platforms.Build.0 = Release|Any CPU
		{C95C8028-ADFA-4D3E-A665-820178047523}.Release|x86.ActiveCfg = Release|Any CPU
		{E1BED35C-916C-4670-9699-933CFE9FE910}.Debug|Any CPU.ActiveCfg = Debug|Any CPU
		{E1BED35C-916C-4670-9699-933CFE9FE910}.Debug|Any CPU.Build.0 = Debug|Any CPU
		{E1BED35C-916C-4670-9699-933CFE9FE910}.Debug|Mixed Platforms.ActiveCfg = Debug|Any CPU
		{E1BED35C-916C-4670-9699-933CFE9FE910}.Debug|Mixed Platforms.Build.0 = Debug|Any CPU
		{E1BED35C-916C-4670-9699-933CFE9FE910}.Debug|x86.ActiveCfg = Debug|Any CPU
		{E1BED35C-916C-4670-9699-933CFE9FE910}.Release|Any CPU.ActiveCfg = Release|Any CPU
		{E1BED35C-916C-4670-9699-933CFE9FE910}.Release|Any CPU.Build.0 = Release|Any CPU
		{E1BED35C-916C-4670-9699-933CFE9FE910}.Release|Mixed Platforms.ActiveCfg = Release|Any CPU
		{E1BED35C-916C-4670-9699-933CFE9FE910}.Release|Mixed Platforms.Build.0 = Release|Any CPU
		{E1BED35C-916C-4670-9699-933CFE9FE910}.Release|x86.ActiveCfg = Release|Any CPU
		{B7C5E033-C0D0-4CE6-B09F-4F5B6333C53D}.Debug|Any CPU.ActiveCfg = Debug|Any CPU
		{B7C5E033-C0D0-4CE6-B09F-4F5B6333C53D}.Debug|Any CPU.Build.0 = Debug|Any CPU
		{B7C5E033-C0D0-4CE6-B09F-4F5B6333C53D}.Debug|Mixed Platforms.ActiveCfg = Debug|Any CPU
		{B7C5E033-C0D0-4CE6-B09F-4F5B6333C53D}.Debug|x86.ActiveCfg = Debug|Any CPU
		{B7C5E033-C0D0-4CE6-B09F-4F5B6333C53D}.Release|Any CPU.ActiveCfg = Release|Any CPU
		{B7C5E033-C0D0-4CE6-B09F-4F5B6333C53D}.Release|Any CPU.Build.0 = Release|Any CPU
		{B7C5E033-C0D0-4CE6-B09F-4F5B6333C53D}.Release|Mixed Platforms.ActiveCfg = Release|Any CPU
		{B7C5E033-C0D0-4CE6-B09F-4F5B6333C53D}.Release|Mixed Platforms.Build.0 = Release|Any CPU
		{B7C5E033-C0D0-4CE6-B09F-4F5B6333C53D}.Release|x86.ActiveCfg = Release|Any CPU
		{E801644C-5168-45CB-9E91-0EB7F140C926}.Debug|Any CPU.ActiveCfg = Debug|Any CPU
		{E801644C-5168-45CB-9E91-0EB7F140C926}.Debug|Any CPU.Build.0 = Debug|Any CPU
		{E801644C-5168-45CB-9E91-0EB7F140C926}.Debug|Mixed Platforms.ActiveCfg = Debug|Any CPU
		{E801644C-5168-45CB-9E91-0EB7F140C926}.Debug|x86.ActiveCfg = Debug|Any CPU
		{E801644C-5168-45CB-9E91-0EB7F140C926}.Release|Any CPU.ActiveCfg = Release|Any CPU
		{E801644C-5168-45CB-9E91-0EB7F140C926}.Release|Any CPU.Build.0 = Release|Any CPU
		{E801644C-5168-45CB-9E91-0EB7F140C926}.Release|Mixed Platforms.ActiveCfg = Release|Any CPU
		{E801644C-5168-45CB-9E91-0EB7F140C926}.Release|Mixed Platforms.Build.0 = Release|Any CPU
		{E801644C-5168-45CB-9E91-0EB7F140C926}.Release|x86.ActiveCfg = Release|Any CPU
		{AF9173A7-7F87-4279-A667-E655F617BC5A}.Debug|Any CPU.ActiveCfg = Debug|Any CPU
		{AF9173A7-7F87-4279-A667-E655F617BC5A}.Debug|Any CPU.Build.0 = Debug|Any CPU
		{AF9173A7-7F87-4279-A667-E655F617BC5A}.Debug|Mixed Platforms.ActiveCfg = Debug|Any CPU
		{AF9173A7-7F87-4279-A667-E655F617BC5A}.Debug|x86.ActiveCfg = Debug|Any CPU
		{AF9173A7-7F87-4279-A667-E655F617BC5A}.Release|Any CPU.ActiveCfg = Release|Any CPU
		{AF9173A7-7F87-4279-A667-E655F617BC5A}.Release|Any CPU.Build.0 = Release|Any CPU
		{AF9173A7-7F87-4279-A667-E655F617BC5A}.Release|Mixed Platforms.ActiveCfg = Release|Any CPU
		{AF9173A7-7F87-4279-A667-E655F617BC5A}.Release|Mixed Platforms.Build.0 = Release|Any CPU
		{AF9173A7-7F87-4279-A667-E655F617BC5A}.Release|x86.ActiveCfg = Release|Any CPU
		{B2408883-12D0-4539-B66E-9CCCED7F9CF3}.Debug|Any CPU.ActiveCfg = Debug|Any CPU
		{B2408883-12D0-4539-B66E-9CCCED7F9CF3}.Debug|Any CPU.Build.0 = Debug|Any CPU
		{B2408883-12D0-4539-B66E-9CCCED7F9CF3}.Debug|Mixed Platforms.ActiveCfg = Debug|Any CPU
		{B2408883-12D0-4539-B66E-9CCCED7F9CF3}.Debug|x86.ActiveCfg = Debug|Any CPU
		{B2408883-12D0-4539-B66E-9CCCED7F9CF3}.Release|Any CPU.ActiveCfg = Release|Any CPU
		{B2408883-12D0-4539-B66E-9CCCED7F9CF3}.Release|Any CPU.Build.0 = Release|Any CPU
		{B2408883-12D0-4539-B66E-9CCCED7F9CF3}.Release|Mixed Platforms.ActiveCfg = Release|Any CPU
		{B2408883-12D0-4539-B66E-9CCCED7F9CF3}.Release|Mixed Platforms.Build.0 = Release|Any CPU
		{B2408883-12D0-4539-B66E-9CCCED7F9CF3}.Release|x86.ActiveCfg = Release|Any CPU
		{2537E238-8C02-4AEA-81CC-EA9E7209DD0A}.Debug|Any CPU.ActiveCfg = Debug|Any CPU
		{2537E238-8C02-4AEA-81CC-EA9E7209DD0A}.Debug|Any CPU.Build.0 = Debug|Any CPU
		{2537E238-8C02-4AEA-81CC-EA9E7209DD0A}.Debug|Mixed Platforms.ActiveCfg = Debug|Any CPU
		{2537E238-8C02-4AEA-81CC-EA9E7209DD0A}.Debug|x86.ActiveCfg = Debug|Any CPU
		{2537E238-8C02-4AEA-81CC-EA9E7209DD0A}.Release|Any CPU.ActiveCfg = Release|Any CPU
		{2537E238-8C02-4AEA-81CC-EA9E7209DD0A}.Release|Any CPU.Build.0 = Release|Any CPU
		{2537E238-8C02-4AEA-81CC-EA9E7209DD0A}.Release|Mixed Platforms.ActiveCfg = Release|Any CPU
		{2537E238-8C02-4AEA-81CC-EA9E7209DD0A}.Release|Mixed Platforms.Build.0 = Release|Any CPU
		{2537E238-8C02-4AEA-81CC-EA9E7209DD0A}.Release|x86.ActiveCfg = Release|Any CPU
		{1B2251E6-8E4B-4468-B733-3F07213488ED}.Debug|Any CPU.ActiveCfg = Debug|Any CPU
		{1B2251E6-8E4B-4468-B733-3F07213488ED}.Debug|Any CPU.Build.0 = Debug|Any CPU
		{1B2251E6-8E4B-4468-B733-3F07213488ED}.Debug|Mixed Platforms.ActiveCfg = Debug|Any CPU
		{1B2251E6-8E4B-4468-B733-3F07213488ED}.Debug|x86.ActiveCfg = Debug|Any CPU
		{1B2251E6-8E4B-4468-B733-3F07213488ED}.Release|Any CPU.ActiveCfg = Release|Any CPU
		{1B2251E6-8E4B-4468-B733-3F07213488ED}.Release|Any CPU.Build.0 = Release|Any CPU
		{1B2251E6-8E4B-4468-B733-3F07213488ED}.Release|Mixed Platforms.ActiveCfg = Release|Any CPU
		{1B2251E6-8E4B-4468-B733-3F07213488ED}.Release|Mixed Platforms.Build.0 = Release|Any CPU
		{1B2251E6-8E4B-4468-B733-3F07213488ED}.Release|x86.ActiveCfg = Release|Any CPU
		{98676B67-8DED-4CFE-8A8E-1AACE26FF778}.Debug|Any CPU.ActiveCfg = Debug|Any CPU
		{98676B67-8DED-4CFE-8A8E-1AACE26FF778}.Debug|Any CPU.Build.0 = Debug|Any CPU
		{98676B67-8DED-4CFE-8A8E-1AACE26FF778}.Debug|Mixed Platforms.ActiveCfg = Debug|Any CPU
		{98676B67-8DED-4CFE-8A8E-1AACE26FF778}.Debug|Mixed Platforms.Build.0 = Debug|Any CPU
		{98676B67-8DED-4CFE-8A8E-1AACE26FF778}.Debug|x86.ActiveCfg = Debug|Any CPU
		{98676B67-8DED-4CFE-8A8E-1AACE26FF778}.Release|Any CPU.ActiveCfg = Release|Any CPU
		{98676B67-8DED-4CFE-8A8E-1AACE26FF778}.Release|Any CPU.Build.0 = Release|Any CPU
		{98676B67-8DED-4CFE-8A8E-1AACE26FF778}.Release|Mixed Platforms.ActiveCfg = Release|Any CPU
		{98676B67-8DED-4CFE-8A8E-1AACE26FF778}.Release|Mixed Platforms.Build.0 = Release|Any CPU
		{98676B67-8DED-4CFE-8A8E-1AACE26FF778}.Release|x86.ActiveCfg = Release|Any CPU
		{148E9F16-6199-42C1-864C-ADBF92E4F789}.Debug|Any CPU.ActiveCfg = Debug|Any CPU
		{148E9F16-6199-42C1-864C-ADBF92E4F789}.Debug|Any CPU.Build.0 = Debug|Any CPU
		{148E9F16-6199-42C1-864C-ADBF92E4F789}.Debug|Mixed Platforms.ActiveCfg = Debug|Any CPU
		{148E9F16-6199-42C1-864C-ADBF92E4F789}.Debug|Mixed Platforms.Build.0 = Debug|Any CPU
		{148E9F16-6199-42C1-864C-ADBF92E4F789}.Debug|x86.ActiveCfg = Debug|Any CPU
		{148E9F16-6199-42C1-864C-ADBF92E4F789}.Release|Any CPU.ActiveCfg = Release|Any CPU
		{148E9F16-6199-42C1-864C-ADBF92E4F789}.Release|Any CPU.Build.0 = Release|Any CPU
		{148E9F16-6199-42C1-864C-ADBF92E4F789}.Release|Mixed Platforms.ActiveCfg = Release|Any CPU
		{148E9F16-6199-42C1-864C-ADBF92E4F789}.Release|Mixed Platforms.Build.0 = Release|Any CPU
		{148E9F16-6199-42C1-864C-ADBF92E4F789}.Release|x86.ActiveCfg = Release|Any CPU
		{1F77AA39-A5D4-467B-975A-FBB94F537B78}.Debug|Any CPU.ActiveCfg = Debug|Any CPU
		{1F77AA39-A5D4-467B-975A-FBB94F537B78}.Debug|Any CPU.Build.0 = Debug|Any CPU
		{1F77AA39-A5D4-467B-975A-FBB94F537B78}.Debug|Mixed Platforms.ActiveCfg = Debug|Any CPU
		{1F77AA39-A5D4-467B-975A-FBB94F537B78}.Debug|Mixed Platforms.Build.0 = Debug|Any CPU
		{1F77AA39-A5D4-467B-975A-FBB94F537B78}.Debug|x86.ActiveCfg = Debug|Any CPU
		{1F77AA39-A5D4-467B-975A-FBB94F537B78}.Release|Any CPU.ActiveCfg = Release|Any CPU
		{1F77AA39-A5D4-467B-975A-FBB94F537B78}.Release|Any CPU.Build.0 = Release|Any CPU
		{1F77AA39-A5D4-467B-975A-FBB94F537B78}.Release|Mixed Platforms.ActiveCfg = Release|Any CPU
		{1F77AA39-A5D4-467B-975A-FBB94F537B78}.Release|Mixed Platforms.Build.0 = Release|Any CPU
		{1F77AA39-A5D4-467B-975A-FBB94F537B78}.Release|x86.ActiveCfg = Release|Any CPU
		{7DCDA329-9AC7-4777-846B-57DB94F72502}.Debug|Any CPU.ActiveCfg = Debug|Any CPU
		{7DCDA329-9AC7-4777-846B-57DB94F72502}.Debug|Any CPU.Build.0 = Debug|Any CPU
		{7DCDA329-9AC7-4777-846B-57DB94F72502}.Debug|Mixed Platforms.ActiveCfg = Debug|Any CPU
		{7DCDA329-9AC7-4777-846B-57DB94F72502}.Debug|x86.ActiveCfg = Debug|Any CPU
		{7DCDA329-9AC7-4777-846B-57DB94F72502}.Release|Any CPU.ActiveCfg = Release|Any CPU
		{7DCDA329-9AC7-4777-846B-57DB94F72502}.Release|Any CPU.Build.0 = Release|Any CPU
		{7DCDA329-9AC7-4777-846B-57DB94F72502}.Release|Mixed Platforms.ActiveCfg = Release|Any CPU
		{7DCDA329-9AC7-4777-846B-57DB94F72502}.Release|Mixed Platforms.Build.0 = Release|Any CPU
		{7DCDA329-9AC7-4777-846B-57DB94F72502}.Release|x86.ActiveCfg = Release|Any CPU
		{DA2AE2ED-794C-47A0-BC6B-4B39AA8468E9}.Debug|Any CPU.ActiveCfg = Debug|Any CPU
		{DA2AE2ED-794C-47A0-BC6B-4B39AA8468E9}.Debug|Any CPU.Build.0 = Debug|Any CPU
		{DA2AE2ED-794C-47A0-BC6B-4B39AA8468E9}.Debug|Mixed Platforms.ActiveCfg = Debug|Any CPU
		{DA2AE2ED-794C-47A0-BC6B-4B39AA8468E9}.Debug|Mixed Platforms.Build.0 = Debug|Any CPU
		{DA2AE2ED-794C-47A0-BC6B-4B39AA8468E9}.Debug|x86.ActiveCfg = Debug|Any CPU
		{DA2AE2ED-794C-47A0-BC6B-4B39AA8468E9}.Release|Any CPU.ActiveCfg = Release|Any CPU
		{DA2AE2ED-794C-47A0-BC6B-4B39AA8468E9}.Release|Any CPU.Build.0 = Release|Any CPU
		{DA2AE2ED-794C-47A0-BC6B-4B39AA8468E9}.Release|Mixed Platforms.ActiveCfg = Release|Any CPU
		{DA2AE2ED-794C-47A0-BC6B-4B39AA8468E9}.Release|Mixed Platforms.Build.0 = Release|Any CPU
		{DA2AE2ED-794C-47A0-BC6B-4B39AA8468E9}.Release|x86.ActiveCfg = Release|Any CPU
		{903A58EA-84CA-4852-9BF8-0483CEB0244B}.Debug|Any CPU.ActiveCfg = Debug|Any CPU
		{903A58EA-84CA-4852-9BF8-0483CEB0244B}.Debug|Any CPU.Build.0 = Debug|Any CPU
		{903A58EA-84CA-4852-9BF8-0483CEB0244B}.Debug|Mixed Platforms.ActiveCfg = Debug|Any CPU
		{903A58EA-84CA-4852-9BF8-0483CEB0244B}.Debug|Mixed Platforms.Build.0 = Debug|Any CPU
		{903A58EA-84CA-4852-9BF8-0483CEB0244B}.Debug|x86.ActiveCfg = Debug|Any CPU
		{903A58EA-84CA-4852-9BF8-0483CEB0244B}.Release|Any CPU.ActiveCfg = Release|Any CPU
		{903A58EA-84CA-4852-9BF8-0483CEB0244B}.Release|Any CPU.Build.0 = Release|Any CPU
		{903A58EA-84CA-4852-9BF8-0483CEB0244B}.Release|Mixed Platforms.ActiveCfg = Release|Any CPU
		{903A58EA-84CA-4852-9BF8-0483CEB0244B}.Release|Mixed Platforms.Build.0 = Release|Any CPU
		{903A58EA-84CA-4852-9BF8-0483CEB0244B}.Release|x86.ActiveCfg = Release|Any CPU
		{B880468D-BA44-425E-89DB-DBA3E0932B68}.Debug|Any CPU.ActiveCfg = Debug|Any CPU
		{B880468D-BA44-425E-89DB-DBA3E0932B68}.Debug|Any CPU.Build.0 = Debug|Any CPU
		{B880468D-BA44-425E-89DB-DBA3E0932B68}.Debug|Mixed Platforms.ActiveCfg = Debug|Any CPU
		{B880468D-BA44-425E-89DB-DBA3E0932B68}.Debug|Mixed Platforms.Build.0 = Debug|Any CPU
		{B880468D-BA44-425E-89DB-DBA3E0932B68}.Debug|x86.ActiveCfg = Debug|Any CPU
		{B880468D-BA44-425E-89DB-DBA3E0932B68}.Release|Any CPU.ActiveCfg = Release|Any CPU
		{B880468D-BA44-425E-89DB-DBA3E0932B68}.Release|Any CPU.Build.0 = Release|Any CPU
		{B880468D-BA44-425E-89DB-DBA3E0932B68}.Release|Mixed Platforms.ActiveCfg = Release|Any CPU
		{B880468D-BA44-425E-89DB-DBA3E0932B68}.Release|Mixed Platforms.Build.0 = Release|Any CPU
		{B880468D-BA44-425E-89DB-DBA3E0932B68}.Release|x86.ActiveCfg = Release|Any CPU
		{6308F40C-F201-477F-B504-C41913731E3E}.Debug|Any CPU.ActiveCfg = Debug|Any CPU
		{6308F40C-F201-477F-B504-C41913731E3E}.Debug|Any CPU.Build.0 = Debug|Any CPU
		{6308F40C-F201-477F-B504-C41913731E3E}.Debug|Mixed Platforms.ActiveCfg = Debug|Any CPU
		{6308F40C-F201-477F-B504-C41913731E3E}.Debug|Mixed Platforms.Build.0 = Debug|Any CPU
		{6308F40C-F201-477F-B504-C41913731E3E}.Debug|x86.ActiveCfg = Debug|Any CPU
		{6308F40C-F201-477F-B504-C41913731E3E}.Release|Any CPU.ActiveCfg = Release|Any CPU
		{6308F40C-F201-477F-B504-C41913731E3E}.Release|Any CPU.Build.0 = Release|Any CPU
		{6308F40C-F201-477F-B504-C41913731E3E}.Release|Mixed Platforms.ActiveCfg = Release|Any CPU
		{6308F40C-F201-477F-B504-C41913731E3E}.Release|Mixed Platforms.Build.0 = Release|Any CPU
		{6308F40C-F201-477F-B504-C41913731E3E}.Release|x86.ActiveCfg = Release|Any CPU
		{134BD6EE-3B5E-447F-A114-ACE732EACDD8}.Debug|Any CPU.ActiveCfg = Debug|Any CPU
		{134BD6EE-3B5E-447F-A114-ACE732EACDD8}.Debug|Any CPU.Build.0 = Debug|Any CPU
		{134BD6EE-3B5E-447F-A114-ACE732EACDD8}.Debug|Mixed Platforms.ActiveCfg = Debug|Any CPU
		{134BD6EE-3B5E-447F-A114-ACE732EACDD8}.Debug|Mixed Platforms.Build.0 = Debug|Any CPU
		{134BD6EE-3B5E-447F-A114-ACE732EACDD8}.Debug|x86.ActiveCfg = Debug|Any CPU
		{134BD6EE-3B5E-447F-A114-ACE732EACDD8}.Release|Any CPU.ActiveCfg = Release|Any CPU
		{134BD6EE-3B5E-447F-A114-ACE732EACDD8}.Release|Any CPU.Build.0 = Release|Any CPU
		{134BD6EE-3B5E-447F-A114-ACE732EACDD8}.Release|Mixed Platforms.ActiveCfg = Release|Any CPU
		{134BD6EE-3B5E-447F-A114-ACE732EACDD8}.Release|Mixed Platforms.Build.0 = Release|Any CPU
		{134BD6EE-3B5E-447F-A114-ACE732EACDD8}.Release|x86.ActiveCfg = Release|Any CPU
		{57C13A9E-12FC-4CAE-8B0F-E1A848163538}.Debug|Any CPU.ActiveCfg = Debug|Any CPU
		{57C13A9E-12FC-4CAE-8B0F-E1A848163538}.Debug|Any CPU.Build.0 = Debug|Any CPU
		{57C13A9E-12FC-4CAE-8B0F-E1A848163538}.Debug|Mixed Platforms.ActiveCfg = Debug|Any CPU
		{57C13A9E-12FC-4CAE-8B0F-E1A848163538}.Debug|Mixed Platforms.Build.0 = Debug|Any CPU
		{57C13A9E-12FC-4CAE-8B0F-E1A848163538}.Debug|x86.ActiveCfg = Debug|Any CPU
		{57C13A9E-12FC-4CAE-8B0F-E1A848163538}.Release|Any CPU.ActiveCfg = Release|Any CPU
		{57C13A9E-12FC-4CAE-8B0F-E1A848163538}.Release|Any CPU.Build.0 = Release|Any CPU
		{57C13A9E-12FC-4CAE-8B0F-E1A848163538}.Release|Mixed Platforms.ActiveCfg = Release|Any CPU
		{57C13A9E-12FC-4CAE-8B0F-E1A848163538}.Release|Mixed Platforms.Build.0 = Release|Any CPU
		{57C13A9E-12FC-4CAE-8B0F-E1A848163538}.Release|x86.ActiveCfg = Release|Any CPU
		{D2777FBF-52CD-4E9A-9153-28465BE382A5}.Debug|Any CPU.ActiveCfg = Debug|Any CPU
		{D2777FBF-52CD-4E9A-9153-28465BE382A5}.Debug|Any CPU.Build.0 = Debug|Any CPU
		{D2777FBF-52CD-4E9A-9153-28465BE382A5}.Debug|Mixed Platforms.ActiveCfg = Debug|Any CPU
		{D2777FBF-52CD-4E9A-9153-28465BE382A5}.Debug|Mixed Platforms.Build.0 = Debug|Any CPU
		{D2777FBF-52CD-4E9A-9153-28465BE382A5}.Debug|x86.ActiveCfg = Debug|Any CPU
		{D2777FBF-52CD-4E9A-9153-28465BE382A5}.Release|Any CPU.ActiveCfg = Release|Any CPU
		{D2777FBF-52CD-4E9A-9153-28465BE382A5}.Release|Any CPU.Build.0 = Release|Any CPU
		{D2777FBF-52CD-4E9A-9153-28465BE382A5}.Release|Mixed Platforms.ActiveCfg = Release|Any CPU
		{D2777FBF-52CD-4E9A-9153-28465BE382A5}.Release|Mixed Platforms.Build.0 = Release|Any CPU
		{D2777FBF-52CD-4E9A-9153-28465BE382A5}.Release|x86.ActiveCfg = Release|Any CPU
		{B268D6C8-7375-4A18-8E8E-83C52F61BCC0}.Debug|Any CPU.ActiveCfg = Debug|Any CPU
		{B268D6C8-7375-4A18-8E8E-83C52F61BCC0}.Debug|Any CPU.Build.0 = Debug|Any CPU
		{B268D6C8-7375-4A18-8E8E-83C52F61BCC0}.Debug|Mixed Platforms.ActiveCfg = Debug|Any CPU
		{B268D6C8-7375-4A18-8E8E-83C52F61BCC0}.Debug|Mixed Platforms.Build.0 = Debug|Any CPU
		{B268D6C8-7375-4A18-8E8E-83C52F61BCC0}.Debug|x86.ActiveCfg = Debug|Any CPU
		{B268D6C8-7375-4A18-8E8E-83C52F61BCC0}.Release|Any CPU.ActiveCfg = Release|Any CPU
		{B268D6C8-7375-4A18-8E8E-83C52F61BCC0}.Release|Any CPU.Build.0 = Release|Any CPU
		{B268D6C8-7375-4A18-8E8E-83C52F61BCC0}.Release|Mixed Platforms.ActiveCfg = Release|Any CPU
		{B268D6C8-7375-4A18-8E8E-83C52F61BCC0}.Release|Mixed Platforms.Build.0 = Release|Any CPU
		{B268D6C8-7375-4A18-8E8E-83C52F61BCC0}.Release|x86.ActiveCfg = Release|Any CPU
		{C944C222-B65E-4D96-9BFF-043C88CE7984}.Debug|Any CPU.ActiveCfg = Debug|Any CPU
		{C944C222-B65E-4D96-9BFF-043C88CE7984}.Debug|Any CPU.Build.0 = Debug|Any CPU
		{C944C222-B65E-4D96-9BFF-043C88CE7984}.Debug|Mixed Platforms.ActiveCfg = Debug|Any CPU
		{C944C222-B65E-4D96-9BFF-043C88CE7984}.Debug|Mixed Platforms.Build.0 = Debug|Any CPU
		{C944C222-B65E-4D96-9BFF-043C88CE7984}.Debug|x86.ActiveCfg = Debug|Any CPU
		{C944C222-B65E-4D96-9BFF-043C88CE7984}.Release|Any CPU.ActiveCfg = Release|Any CPU
		{C944C222-B65E-4D96-9BFF-043C88CE7984}.Release|Any CPU.Build.0 = Release|Any CPU
		{C944C222-B65E-4D96-9BFF-043C88CE7984}.Release|Mixed Platforms.ActiveCfg = Release|Any CPU
		{C944C222-B65E-4D96-9BFF-043C88CE7984}.Release|Mixed Platforms.Build.0 = Release|Any CPU
		{C944C222-B65E-4D96-9BFF-043C88CE7984}.Release|x86.ActiveCfg = Release|Any CPU
		{D6DCFCCB-2EC5-4AE0-90DF-AAB36389D485}.Debug|Any CPU.ActiveCfg = Debug|Any CPU
		{D6DCFCCB-2EC5-4AE0-90DF-AAB36389D485}.Debug|Any CPU.Build.0 = Debug|Any CPU
		{D6DCFCCB-2EC5-4AE0-90DF-AAB36389D485}.Debug|Mixed Platforms.ActiveCfg = Debug|Any CPU
		{D6DCFCCB-2EC5-4AE0-90DF-AAB36389D485}.Debug|x86.ActiveCfg = Debug|Any CPU
		{D6DCFCCB-2EC5-4AE0-90DF-AAB36389D485}.Release|Any CPU.ActiveCfg = Release|Any CPU
		{D6DCFCCB-2EC5-4AE0-90DF-AAB36389D485}.Release|Any CPU.Build.0 = Release|Any CPU
		{D6DCFCCB-2EC5-4AE0-90DF-AAB36389D485}.Release|Mixed Platforms.ActiveCfg = Release|Any CPU
		{D6DCFCCB-2EC5-4AE0-90DF-AAB36389D485}.Release|Mixed Platforms.Build.0 = Release|Any CPU
		{D6DCFCCB-2EC5-4AE0-90DF-AAB36389D485}.Release|x86.ActiveCfg = Release|Any CPU
		{F2FF6C46-A791-4CAE-AB46-BD1A37F3FCD7}.Debug|Any CPU.ActiveCfg = Debug|Any CPU
		{F2FF6C46-A791-4CAE-AB46-BD1A37F3FCD7}.Debug|Any CPU.Build.0 = Debug|Any CPU
		{F2FF6C46-A791-4CAE-AB46-BD1A37F3FCD7}.Debug|Mixed Platforms.ActiveCfg = Debug|Any CPU
		{F2FF6C46-A791-4CAE-AB46-BD1A37F3FCD7}.Debug|Mixed Platforms.Build.0 = Debug|Any CPU
		{F2FF6C46-A791-4CAE-AB46-BD1A37F3FCD7}.Debug|x86.ActiveCfg = Debug|Any CPU
		{F2FF6C46-A791-4CAE-AB46-BD1A37F3FCD7}.Release|Any CPU.ActiveCfg = Release|Any CPU
		{F2FF6C46-A791-4CAE-AB46-BD1A37F3FCD7}.Release|Any CPU.Build.0 = Release|Any CPU
		{F2FF6C46-A791-4CAE-AB46-BD1A37F3FCD7}.Release|Mixed Platforms.ActiveCfg = Release|Any CPU
		{F2FF6C46-A791-4CAE-AB46-BD1A37F3FCD7}.Release|Mixed Platforms.Build.0 = Release|Any CPU
		{F2FF6C46-A791-4CAE-AB46-BD1A37F3FCD7}.Release|x86.ActiveCfg = Release|Any CPU
		{4CA60F2F-5636-4A43-8B42-C6A4845D6550}.Debug|Any CPU.ActiveCfg = Debug|Any CPU
		{4CA60F2F-5636-4A43-8B42-C6A4845D6550}.Debug|Any CPU.Build.0 = Debug|Any CPU
		{4CA60F2F-5636-4A43-8B42-C6A4845D6550}.Debug|Mixed Platforms.ActiveCfg = Debug|Any CPU
		{4CA60F2F-5636-4A43-8B42-C6A4845D6550}.Debug|x86.ActiveCfg = Debug|Any CPU
		{4CA60F2F-5636-4A43-8B42-C6A4845D6550}.Release|Any CPU.ActiveCfg = Release|Any CPU
		{4CA60F2F-5636-4A43-8B42-C6A4845D6550}.Release|Any CPU.Build.0 = Release|Any CPU
		{4CA60F2F-5636-4A43-8B42-C6A4845D6550}.Release|Mixed Platforms.ActiveCfg = Release|Any CPU
		{4CA60F2F-5636-4A43-8B42-C6A4845D6550}.Release|Mixed Platforms.Build.0 = Release|Any CPU
		{4CA60F2F-5636-4A43-8B42-C6A4845D6550}.Release|x86.ActiveCfg = Release|Any CPU
		{FEEC485E-3BE9-4DA5-88E5-2F669DAAA3C5}.Debug|Any CPU.ActiveCfg = Debug|Any CPU
		{FEEC485E-3BE9-4DA5-88E5-2F669DAAA3C5}.Debug|Any CPU.Build.0 = Debug|Any CPU
		{FEEC485E-3BE9-4DA5-88E5-2F669DAAA3C5}.Debug|Mixed Platforms.ActiveCfg = Debug|Any CPU
		{FEEC485E-3BE9-4DA5-88E5-2F669DAAA3C5}.Debug|Mixed Platforms.Build.0 = Debug|Any CPU
		{FEEC485E-3BE9-4DA5-88E5-2F669DAAA3C5}.Debug|x86.ActiveCfg = Debug|Any CPU
		{FEEC485E-3BE9-4DA5-88E5-2F669DAAA3C5}.Release|Any CPU.ActiveCfg = Release|Any CPU
		{FEEC485E-3BE9-4DA5-88E5-2F669DAAA3C5}.Release|Any CPU.Build.0 = Release|Any CPU
		{FEEC485E-3BE9-4DA5-88E5-2F669DAAA3C5}.Release|Mixed Platforms.ActiveCfg = Release|Any CPU
		{FEEC485E-3BE9-4DA5-88E5-2F669DAAA3C5}.Release|Mixed Platforms.Build.0 = Release|Any CPU
		{FEEC485E-3BE9-4DA5-88E5-2F669DAAA3C5}.Release|x86.ActiveCfg = Release|Any CPU
		{FD1A66ED-D082-4650-98B3-C910F36ECEDC}.Debug|Any CPU.ActiveCfg = Debug|Any CPU
		{FD1A66ED-D082-4650-98B3-C910F36ECEDC}.Debug|Any CPU.Build.0 = Debug|Any CPU
		{FD1A66ED-D082-4650-98B3-C910F36ECEDC}.Debug|Mixed Platforms.ActiveCfg = Debug|Any CPU
		{FD1A66ED-D082-4650-98B3-C910F36ECEDC}.Debug|Mixed Platforms.Build.0 = Debug|Any CPU
		{FD1A66ED-D082-4650-98B3-C910F36ECEDC}.Debug|x86.ActiveCfg = Debug|Any CPU
		{FD1A66ED-D082-4650-98B3-C910F36ECEDC}.Release|Any CPU.ActiveCfg = Release|Any CPU
		{FD1A66ED-D082-4650-98B3-C910F36ECEDC}.Release|Any CPU.Build.0 = Release|Any CPU
		{FD1A66ED-D082-4650-98B3-C910F36ECEDC}.Release|Mixed Platforms.ActiveCfg = Release|Any CPU
		{FD1A66ED-D082-4650-98B3-C910F36ECEDC}.Release|Mixed Platforms.Build.0 = Release|Any CPU
		{FD1A66ED-D082-4650-98B3-C910F36ECEDC}.Release|x86.ActiveCfg = Release|Any CPU
		{7ABEFE26-4B4C-43A5-B891-862244593E76}.Debug|Any CPU.ActiveCfg = Debug
		{7ABEFE26-4B4C-43A5-B891-862244593E76}.Debug|Any CPU.Build.0 = Debug
		{7ABEFE26-4B4C-43A5-B891-862244593E76}.Debug|Mixed Platforms.ActiveCfg = Debug
		{7ABEFE26-4B4C-43A5-B891-862244593E76}.Debug|x86.ActiveCfg = Debug
		{7ABEFE26-4B4C-43A5-B891-862244593E76}.Debug|x86.Build.0 = Debug
		{7ABEFE26-4B4C-43A5-B891-862244593E76}.Release|Any CPU.ActiveCfg = Release
		{7ABEFE26-4B4C-43A5-B891-862244593E76}.Release|Any CPU.Build.0 = Release
		{7ABEFE26-4B4C-43A5-B891-862244593E76}.Release|Mixed Platforms.ActiveCfg = Release
		{7ABEFE26-4B4C-43A5-B891-862244593E76}.Release|Mixed Platforms.Build.0 = Release
		{7ABEFE26-4B4C-43A5-B891-862244593E76}.Release|x86.ActiveCfg = Release
		{7ABEFE26-4B4C-43A5-B891-862244593E76}.Release|x86.Build.0 = Release
		{3CE2FD9A-7E98-4BDB-B862-37227C27ADF4}.Debug|Any CPU.ActiveCfg = Debug|Any CPU
		{3CE2FD9A-7E98-4BDB-B862-37227C27ADF4}.Debug|Any CPU.Build.0 = Debug|Any CPU
		{3CE2FD9A-7E98-4BDB-B862-37227C27ADF4}.Debug|Mixed Platforms.ActiveCfg = Debug|Any CPU
		{3CE2FD9A-7E98-4BDB-B862-37227C27ADF4}.Debug|Mixed Platforms.Build.0 = Debug|Any CPU
		{3CE2FD9A-7E98-4BDB-B862-37227C27ADF4}.Debug|x86.ActiveCfg = Debug|Any CPU
		{3CE2FD9A-7E98-4BDB-B862-37227C27ADF4}.Release|Any CPU.ActiveCfg = Release|Any CPU
		{3CE2FD9A-7E98-4BDB-B862-37227C27ADF4}.Release|Any CPU.Build.0 = Release|Any CPU
		{3CE2FD9A-7E98-4BDB-B862-37227C27ADF4}.Release|Mixed Platforms.ActiveCfg = Release|Any CPU
		{3CE2FD9A-7E98-4BDB-B862-37227C27ADF4}.Release|Mixed Platforms.Build.0 = Release|Any CPU
		{3CE2FD9A-7E98-4BDB-B862-37227C27ADF4}.Release|x86.ActiveCfg = Release|Any CPU
		{450B4932-47BF-4351-A821-7A851A616494}.Debug|Any CPU.ActiveCfg = Debug|Any CPU
		{450B4932-47BF-4351-A821-7A851A616494}.Debug|Any CPU.Build.0 = Debug|Any CPU
		{450B4932-47BF-4351-A821-7A851A616494}.Debug|Mixed Platforms.ActiveCfg = Debug|Any CPU
		{450B4932-47BF-4351-A821-7A851A616494}.Debug|Mixed Platforms.Build.0 = Debug|Any CPU
		{450B4932-47BF-4351-A821-7A851A616494}.Debug|x86.ActiveCfg = Debug|Any CPU
		{450B4932-47BF-4351-A821-7A851A616494}.Release|Any CPU.ActiveCfg = Release|Any CPU
		{450B4932-47BF-4351-A821-7A851A616494}.Release|Any CPU.Build.0 = Release|Any CPU
		{450B4932-47BF-4351-A821-7A851A616494}.Release|Mixed Platforms.ActiveCfg = Release|Any CPU
		{450B4932-47BF-4351-A821-7A851A616494}.Release|Mixed Platforms.Build.0 = Release|Any CPU
		{450B4932-47BF-4351-A821-7A851A616494}.Release|x86.ActiveCfg = Release|Any CPU
		{76E5FA67-9368-41FC-856B-47A353EF3993}.Debug|Any CPU.ActiveCfg = Debug|Any CPU
		{76E5FA67-9368-41FC-856B-47A353EF3993}.Debug|Any CPU.Build.0 = Debug|Any CPU
		{76E5FA67-9368-41FC-856B-47A353EF3993}.Debug|Mixed Platforms.ActiveCfg = Debug|Any CPU
		{76E5FA67-9368-41FC-856B-47A353EF3993}.Debug|Mixed Platforms.Build.0 = Debug|Any CPU
		{76E5FA67-9368-41FC-856B-47A353EF3993}.Debug|x86.ActiveCfg = Debug|Any CPU
		{76E5FA67-9368-41FC-856B-47A353EF3993}.Release|Any CPU.ActiveCfg = Release|Any CPU
		{76E5FA67-9368-41FC-856B-47A353EF3993}.Release|Any CPU.Build.0 = Release|Any CPU
		{76E5FA67-9368-41FC-856B-47A353EF3993}.Release|Mixed Platforms.ActiveCfg = Release|Any CPU
		{76E5FA67-9368-41FC-856B-47A353EF3993}.Release|Mixed Platforms.Build.0 = Release|Any CPU
		{76E5FA67-9368-41FC-856B-47A353EF3993}.Release|x86.ActiveCfg = Release|Any CPU
		{47646A1C-57BD-4EAC-B510-D072094ABB2F}.Debug|Any CPU.ActiveCfg = Debug|Any CPU
		{47646A1C-57BD-4EAC-B510-D072094ABB2F}.Debug|Any CPU.Build.0 = Debug|Any CPU
		{47646A1C-57BD-4EAC-B510-D072094ABB2F}.Debug|Mixed Platforms.ActiveCfg = Debug|Any CPU
		{47646A1C-57BD-4EAC-B510-D072094ABB2F}.Debug|x86.ActiveCfg = Debug|Any CPU
		{47646A1C-57BD-4EAC-B510-D072094ABB2F}.Release|Any CPU.ActiveCfg = Release|Any CPU
		{47646A1C-57BD-4EAC-B510-D072094ABB2F}.Release|Any CPU.Build.0 = Release|Any CPU
		{47646A1C-57BD-4EAC-B510-D072094ABB2F}.Release|Mixed Platforms.ActiveCfg = Release|Any CPU
		{47646A1C-57BD-4EAC-B510-D072094ABB2F}.Release|Mixed Platforms.Build.0 = Release|Any CPU
		{47646A1C-57BD-4EAC-B510-D072094ABB2F}.Release|x86.ActiveCfg = Release|Any CPU
		{C9FBA99C-3A0F-4EF2-8A0E-14608F6A3C48}.Debug|Any CPU.ActiveCfg = Debug|Any CPU
		{C9FBA99C-3A0F-4EF2-8A0E-14608F6A3C48}.Debug|Any CPU.Build.0 = Debug|Any CPU
		{C9FBA99C-3A0F-4EF2-8A0E-14608F6A3C48}.Debug|Mixed Platforms.ActiveCfg = Debug|Any CPU
		{C9FBA99C-3A0F-4EF2-8A0E-14608F6A3C48}.Debug|Mixed Platforms.Build.0 = Debug|Any CPU
		{C9FBA99C-3A0F-4EF2-8A0E-14608F6A3C48}.Debug|x86.ActiveCfg = Debug|Any CPU
		{C9FBA99C-3A0F-4EF2-8A0E-14608F6A3C48}.Release|Any CPU.ActiveCfg = Release|Any CPU
		{C9FBA99C-3A0F-4EF2-8A0E-14608F6A3C48}.Release|Any CPU.Build.0 = Release|Any CPU
		{C9FBA99C-3A0F-4EF2-8A0E-14608F6A3C48}.Release|Mixed Platforms.ActiveCfg = Release|Any CPU
		{C9FBA99C-3A0F-4EF2-8A0E-14608F6A3C48}.Release|Mixed Platforms.Build.0 = Release|Any CPU
		{C9FBA99C-3A0F-4EF2-8A0E-14608F6A3C48}.Release|x86.ActiveCfg = Release|Any CPU
	EndGlobalSection
	GlobalSection(SolutionProperties) = preSolution
		HideSolutionNode = FALSE
	EndGlobalSection
	GlobalSection(NestedProjects) = preSolution
		{7A3AFC91-7BE8-41EC-A934-49CD578F059C} = {628ECA04-BA7D-4B8B-AD52-0BC765FC6877}
		{97FB9F97-FFBB-459D-8586-6DE5BA543CDC} = {628ECA04-BA7D-4B8B-AD52-0BC765FC6877}
		{7CC8F9ED-C5C0-4708-A5FB-A29C64D9DAA8} = {957DBF1B-B7E0-4FB5-9632-3FCFF2A03BD7}
		{C95C8028-ADFA-4D3E-A665-820178047523} = {F25D4B71-F169-4389-BE94-0310A9246A50}
		{E1BED35C-916C-4670-9699-933CFE9FE910} = {77323790-89A2-449D-81AF-C44D9CB1BE08}
		{B7C5E033-C0D0-4CE6-B09F-4F5B6333C53D} = {9A33D882-16B1-4939-8BB5-B801A5A5CCFB}
		{E801644C-5168-45CB-9E91-0EB7F140C926} = {9A33D882-16B1-4939-8BB5-B801A5A5CCFB}
		{AF9173A7-7F87-4279-A667-E655F617BC5A} = {9A33D882-16B1-4939-8BB5-B801A5A5CCFB}
		{B2408883-12D0-4539-B66E-9CCCED7F9CF3} = {9A33D882-16B1-4939-8BB5-B801A5A5CCFB}
		{2537E238-8C02-4AEA-81CC-EA9E7209DD0A} = {9A33D882-16B1-4939-8BB5-B801A5A5CCFB}
		{1B2251E6-8E4B-4468-B733-3F07213488ED} = {9A33D882-16B1-4939-8BB5-B801A5A5CCFB}
		{98676B67-8DED-4CFE-8A8E-1AACE26FF778} = {957DBF1B-B7E0-4FB5-9632-3FCFF2A03BD7}
		{148E9F16-6199-42C1-864C-ADBF92E4F789} = {957DBF1B-B7E0-4FB5-9632-3FCFF2A03BD7}
		{1F77AA39-A5D4-467B-975A-FBB94F537B78} = {F25D4B71-F169-4389-BE94-0310A9246A50}
		{7DCDA329-9AC7-4777-846B-57DB94F72502} = {9A33D882-16B1-4939-8BB5-B801A5A5CCFB}
		{DA2AE2ED-794C-47A0-BC6B-4B39AA8468E9} = {957DBF1B-B7E0-4FB5-9632-3FCFF2A03BD7}
		{903A58EA-84CA-4852-9BF8-0483CEB0244B} = {957DBF1B-B7E0-4FB5-9632-3FCFF2A03BD7}
		{B880468D-BA44-425E-89DB-DBA3E0932B68} = {957DBF1B-B7E0-4FB5-9632-3FCFF2A03BD7}
		{6308F40C-F201-477F-B504-C41913731E3E} = {957DBF1B-B7E0-4FB5-9632-3FCFF2A03BD7}
		{134BD6EE-3B5E-447F-A114-ACE732EACDD8} = {957DBF1B-B7E0-4FB5-9632-3FCFF2A03BD7}
		{57C13A9E-12FC-4CAE-8B0F-E1A848163538} = {957DBF1B-B7E0-4FB5-9632-3FCFF2A03BD7}
		{D2777FBF-52CD-4E9A-9153-28465BE382A5} = {957DBF1B-B7E0-4FB5-9632-3FCFF2A03BD7}
		{B268D6C8-7375-4A18-8E8E-83C52F61BCC0} = {957DBF1B-B7E0-4FB5-9632-3FCFF2A03BD7}
		{C944C222-B65E-4D96-9BFF-043C88CE7984} = {957DBF1B-B7E0-4FB5-9632-3FCFF2A03BD7}
		{D6DCFCCB-2EC5-4AE0-90DF-AAB36389D485} = {BACF426C-788A-4143-BFA0-A28AF2148B2F}
		{F2FF6C46-A791-4CAE-AB46-BD1A37F3FCD7} = {628ECA04-BA7D-4B8B-AD52-0BC765FC6877}
		{4CA60F2F-5636-4A43-8B42-C6A4845D6550} = {9A33D882-16B1-4939-8BB5-B801A5A5CCFB}
		{FEEC485E-3BE9-4DA5-88E5-2F669DAAA3C5} = {44470285-D1AE-401E-8927-7538213F614E}
		{FD1A66ED-D082-4650-98B3-C910F36ECEDC} = {44470285-D1AE-401E-8927-7538213F614E}
		{7ABEFE26-4B4C-43A5-B891-862244593E76} = {44470285-D1AE-401E-8927-7538213F614E}
		{3CE2FD9A-7E98-4BDB-B862-37227C27ADF4} = {BACF426C-788A-4143-BFA0-A28AF2148B2F}
		{450B4932-47BF-4351-A821-7A851A616494} = {BACF426C-788A-4143-BFA0-A28AF2148B2F}
		{76E5FA67-9368-41FC-856B-47A353EF3993} = {0912E443-D7CC-4ADE-8847-FE55A308714A}
		{47646A1C-57BD-4EAC-B510-D072094ABB2F} = {9A33D882-16B1-4939-8BB5-B801A5A5CCFB}
		{C9FBA99C-3A0F-4EF2-8A0E-14608F6A3C48} = {BACF426C-788A-4143-BFA0-A28AF2148B2F}
	EndGlobalSection
	GlobalSection(TextTemplating) = postSolution
		TextTemplating = 1
	EndGlobalSection
EndGlobal
